// !$*UTF8*$!
{
	archiveVersion = 1;
	classes = {
	};
	objectVersion = 50;
	objects = {

/* Begin PBXBuildFile section */
		9F059AEC258BE53B0035B02A /* AppDelegate.swift in Sources */ = {isa = PBXBuildFile; fileRef = 9F059AEB258BE53B0035B02A /* AppDelegate.swift */; };
		9F059AF0258BE53D0035B02A /* Assets.xcassets in Resources */ = {isa = PBXBuildFile; fileRef = 9F059AEF258BE53D0035B02A /* Assets.xcassets */; };
		9F059AF3258BE53D0035B02A /* Main.storyboard in Resources */ = {isa = PBXBuildFile; fileRef = 9F059AF1258BE53D0035B02A /* Main.storyboard */; };
		9F059AFD258BE5B00035B02A /* MultiscaleView.swift in Sources */ = {isa = PBXBuildFile; fileRef = 9F059AFC258BE5B00035B02A /* MultiscaleView.swift */; };
		9F059B01258BE81D0035B02A /* Kernels.metal in Sources */ = {isa = PBXBuildFile; fileRef = 9F059B00258BE81D0035B02A /* Kernels.metal */; };
		9F059B05258C06410035B02A /* KernelInterface.swift in Sources */ = {isa = PBXBuildFile; fileRef = 9F059B04258C06410035B02A /* KernelInterface.swift */; };
		9FD4289E259148C500513408 /* ImageMaker.swift in Sources */ = {isa = PBXBuildFile; fileRef = 9FD4289D259148C500513408 /* ImageMaker.swift */; };
/* End PBXBuildFile section */

/* Begin PBXFileReference section */
		9F059AE8258BE53B0035B02A /* multiscale-turing-patterns.app */ = {isa = PBXFileReference; explicitFileType = wrapper.application; includeInIndex = 0; path = "multiscale-turing-patterns.app"; sourceTree = BUILT_PRODUCTS_DIR; };
		9F059AEB258BE53B0035B02A /* AppDelegate.swift */ = {isa = PBXFileReference; lastKnownFileType = sourcecode.swift; path = AppDelegate.swift; sourceTree = "<group>"; };
		9F059AEF258BE53D0035B02A /* Assets.xcassets */ = {isa = PBXFileReference; lastKnownFileType = folder.assetcatalog; path = Assets.xcassets; sourceTree = "<group>"; };
		9F059AF2258BE53D0035B02A /* Base */ = {isa = PBXFileReference; lastKnownFileType = file.storyboard; name = Base; path = Base.lproj/Main.storyboard; sourceTree = "<group>"; };
		9F059AF4258BE53D0035B02A /* Info.plist */ = {isa = PBXFileReference; lastKnownFileType = text.plist.xml; path = Info.plist; sourceTree = "<group>"; };
		9F059AF5258BE53D0035B02A /* multiscale_turing_patterns.entitlements */ = {isa = PBXFileReference; lastKnownFileType = text.plist.entitlements; path = multiscale_turing_patterns.entitlements; sourceTree = "<group>"; };
		9F059AFC258BE5B00035B02A /* MultiscaleView.swift */ = {isa = PBXFileReference; lastKnownFileType = sourcecode.swift; path = MultiscaleView.swift; sourceTree = "<group>"; };
		9F059B00258BE81D0035B02A /* Kernels.metal */ = {isa = PBXFileReference; lastKnownFileType = sourcecode.metal; path = Kernels.metal; sourceTree = "<group>"; };
		9F059B04258C06410035B02A /* KernelInterface.swift */ = {isa = PBXFileReference; lastKnownFileType = sourcecode.swift; path = KernelInterface.swift; sourceTree = "<group>"; };
		9FD4289D259148C500513408 /* ImageMaker.swift */ = {isa = PBXFileReference; lastKnownFileType = sourcecode.swift; path = ImageMaker.swift; sourceTree = "<group>"; };
/* End PBXFileReference section */

/* Begin PBXFrameworksBuildPhase section */
		9F059AE5258BE53B0035B02A /* Frameworks */ = {
			isa = PBXFrameworksBuildPhase;
			buildActionMask = 2147483647;
			files = (
			);
			runOnlyForDeploymentPostprocessing = 0;
		};
/* End PBXFrameworksBuildPhase section */

/* Begin PBXGroup section */
		9F059ADF258BE53B0035B02A = {
			isa = PBXGroup;
			children = (
				9F059AEA258BE53B0035B02A /* multiscale-turing-patterns */,
				9F059AE9258BE53B0035B02A /* Products */,
			);
			sourceTree = "<group>";
		};
		9F059AE9258BE53B0035B02A /* Products */ = {
			isa = PBXGroup;
			children = (
				9F059AE8258BE53B0035B02A /* multiscale-turing-patterns.app */,
			);
			name = Products;
			sourceTree = "<group>";
		};
		9F059AEA258BE53B0035B02A /* multiscale-turing-patterns */ = {
			isa = PBXGroup;
			children = (
				9F059AFC258BE5B00035B02A /* MultiscaleView.swift */,
				9F059B04258C06410035B02A /* KernelInterface.swift */,
				9F059B00258BE81D0035B02A /* Kernels.metal */,
				9F059AEB258BE53B0035B02A /* AppDelegate.swift */,
				9F059AEF258BE53D0035B02A /* Assets.xcassets */,
				9F059AF1258BE53D0035B02A /* Main.storyboard */,
				9F059AF4258BE53D0035B02A /* Info.plist */,
				9F059AF5258BE53D0035B02A /* multiscale_turing_patterns.entitlements */,
				9FD4289D259148C500513408 /* ImageMaker.swift */,
			);
			path = "multiscale-turing-patterns";
			sourceTree = "<group>";
		};
/* End PBXGroup section */

/* Begin PBXNativeTarget section */
		9F059AE7258BE53B0035B02A /* multiscale-turing-patterns */ = {
			isa = PBXNativeTarget;
			buildConfigurationList = 9F059AF8258BE53D0035B02A /* Build configuration list for PBXNativeTarget "multiscale-turing-patterns" */;
			buildPhases = (
				9F059AE4258BE53B0035B02A /* Sources */,
				9F059AE5258BE53B0035B02A /* Frameworks */,
				9F059AE6258BE53B0035B02A /* Resources */,
			);
			buildRules = (
			);
			dependencies = (
			);
			name = "multiscale-turing-patterns";
			productName = "multiscale-turing-patterns";
			productReference = 9F059AE8258BE53B0035B02A /* multiscale-turing-patterns.app */;
			productType = "com.apple.product-type.application";
		};
/* End PBXNativeTarget section */

/* Begin PBXProject section */
		9F059AE0258BE53B0035B02A /* Project object */ = {
			isa = PBXProject;
			attributes = {
				LastSwiftUpdateCheck = 1230;
				LastUpgradeCheck = 1230;
				TargetAttributes = {
					9F059AE7258BE53B0035B02A = {
						CreatedOnToolsVersion = 12.3;
					};
				};
			};
			buildConfigurationList = 9F059AE3258BE53B0035B02A /* Build configuration list for PBXProject "multiscale-turing-patterns" */;
			compatibilityVersion = "Xcode 9.3";
			developmentRegion = en;
			hasScannedForEncodings = 0;
			knownRegions = (
				en,
				Base,
			);
			mainGroup = 9F059ADF258BE53B0035B02A;
			productRefGroup = 9F059AE9258BE53B0035B02A /* Products */;
			projectDirPath = "";
			projectRoot = "";
			targets = (
				9F059AE7258BE53B0035B02A /* multiscale-turing-patterns */,
			);
		};
/* End PBXProject section */

/* Begin PBXResourcesBuildPhase section */
		9F059AE6258BE53B0035B02A /* Resources */ = {
			isa = PBXResourcesBuildPhase;
			buildActionMask = 2147483647;
			files = (
				9F059AF0258BE53D0035B02A /* Assets.xcassets in Resources */,
				9F059AF3258BE53D0035B02A /* Main.storyboard in Resources */,
			);
			runOnlyForDeploymentPostprocessing = 0;
		};
/* End PBXResourcesBuildPhase section */

/* Begin PBXSourcesBuildPhase section */
		9F059AE4258BE53B0035B02A /* Sources */ = {
			isa = PBXSourcesBuildPhase;
			buildActionMask = 2147483647;
			files = (
				9FD4289E259148C500513408 /* ImageMaker.swift in Sources */,
				9F059AFD258BE5B00035B02A /* MultiscaleView.swift in Sources */,
				9F059AEC258BE53B0035B02A /* AppDelegate.swift in Sources */,
				9F059B05258C06410035B02A /* KernelInterface.swift in Sources */,
				9F059B01258BE81D0035B02A /* Kernels.metal in Sources */,
			);
			runOnlyForDeploymentPostprocessing = 0;
		};
/* End PBXSourcesBuildPhase section */

/* Begin PBXVariantGroup section */
		9F059AF1258BE53D0035B02A /* Main.storyboard */ = {
			isa = PBXVariantGroup;
			children = (
				9F059AF2258BE53D0035B02A /* Base */,
			);
			name = Main.storyboard;
			sourceTree = "<group>";
		};
/* End PBXVariantGroup section */

/* Begin XCBuildConfiguration section */
		9F059AF6258BE53D0035B02A /* Debug */ = {
			isa = XCBuildConfiguration;
			buildSettings = {
				ALWAYS_SEARCH_USER_PATHS = NO;
				CLANG_ANALYZER_NONNULL = YES;
				CLANG_ANALYZER_NUMBER_OBJECT_CONVERSION = YES_AGGRESSIVE;
				CLANG_CXX_LANGUAGE_STANDARD = "gnu++14";
				CLANG_CXX_LIBRARY = "libc++";
				CLANG_ENABLE_MODULES = YES;
				CLANG_ENABLE_OBJC_ARC = YES;
				CLANG_ENABLE_OBJC_WEAK = YES;
				CLANG_WARN_BLOCK_CAPTURE_AUTORELEASING = YES;
				CLANG_WARN_BOOL_CONVERSION = YES;
				CLANG_WARN_COMMA = YES;
				CLANG_WARN_CONSTANT_CONVERSION = YES;
				CLANG_WARN_DEPRECATED_OBJC_IMPLEMENTATIONS = YES;
				CLANG_WARN_DIRECT_OBJC_ISA_USAGE = YES_ERROR;
				CLANG_WARN_DOCUMENTATION_COMMENTS = YES;
				CLANG_WARN_EMPTY_BODY = YES;
				CLANG_WARN_ENUM_CONVERSION = YES;
				CLANG_WARN_INFINITE_RECURSION = YES;
				CLANG_WARN_INT_CONVERSION = YES;
				CLANG_WARN_NON_LITERAL_NULL_CONVERSION = YES;
				CLANG_WARN_OBJC_IMPLICIT_RETAIN_SELF = YES;
				CLANG_WARN_OBJC_LITERAL_CONVERSION = YES;
				CLANG_WARN_OBJC_ROOT_CLASS = YES_ERROR;
				CLANG_WARN_QUOTED_INCLUDE_IN_FRAMEWORK_HEADER = YES;
				CLANG_WARN_RANGE_LOOP_ANALYSIS = YES;
				CLANG_WARN_STRICT_PROTOTYPES = YES;
				CLANG_WARN_SUSPICIOUS_MOVE = YES;
				CLANG_WARN_UNGUARDED_AVAILABILITY = YES_AGGRESSIVE;
				CLANG_WARN_UNREACHABLE_CODE = YES;
				CLANG_WARN__DUPLICATE_METHOD_MATCH = YES;
				COPY_PHASE_STRIP = NO;
				DEBUG_INFORMATION_FORMAT = dwarf;
				ENABLE_STRICT_OBJC_MSGSEND = YES;
				ENABLE_TESTABILITY = YES;
				GCC_C_LANGUAGE_STANDARD = gnu11;
				GCC_DYNAMIC_NO_PIC = NO;
				GCC_NO_COMMON_BLOCKS = YES;
				GCC_OPTIMIZATION_LEVEL = 0;
				GCC_PREPROCESSOR_DEFINITIONS = (
					"DEBUG=1",
					"$(inherited)",
				);
				GCC_WARN_64_TO_32_BIT_CONVERSION = YES;
				GCC_WARN_ABOUT_RETURN_TYPE = YES_ERROR;
				GCC_WARN_UNDECLARED_SELECTOR = YES;
				GCC_WARN_UNINITIALIZED_AUTOS = YES_AGGRESSIVE;
				GCC_WARN_UNUSED_FUNCTION = YES;
				GCC_WARN_UNUSED_VARIABLE = YES;
				MACOSX_DEPLOYMENT_TARGET = 10.15;
				MTL_ENABLE_DEBUG_INFO = INCLUDE_SOURCE;
				MTL_FAST_MATH = YES;
				ONLY_ACTIVE_ARCH = YES;
				SDKROOT = macosx;
				SWIFT_ACTIVE_COMPILATION_CONDITIONS = DEBUG;
				SWIFT_OPTIMIZATION_LEVEL = "-Onone";
			};
			name = Debug;
		};
		9F059AF7258BE53D0035B02A /* Release */ = {
			isa = XCBuildConfiguration;
			buildSettings = {
				ALWAYS_SEARCH_USER_PATHS = NO;
				CLANG_ANALYZER_NONNULL = YES;
				CLANG_ANALYZER_NUMBER_OBJECT_CONVERSION = YES_AGGRESSIVE;
				CLANG_CXX_LANGUAGE_STANDARD = "gnu++14";
				CLANG_CXX_LIBRARY = "libc++";
				CLANG_ENABLE_MODULES = YES;
				CLANG_ENABLE_OBJC_ARC = YES;
				CLANG_ENABLE_OBJC_WEAK = YES;
				CLANG_WARN_BLOCK_CAPTURE_AUTORELEASING = YES;
				CLANG_WARN_BOOL_CONVERSION = YES;
				CLANG_WARN_COMMA = YES;
				CLANG_WARN_CONSTANT_CONVERSION = YES;
				CLANG_WARN_DEPRECATED_OBJC_IMPLEMENTATIONS = YES;
				CLANG_WARN_DIRECT_OBJC_ISA_USAGE = YES_ERROR;
				CLANG_WARN_DOCUMENTATION_COMMENTS = YES;
				CLANG_WARN_EMPTY_BODY = YES;
				CLANG_WARN_ENUM_CONVERSION = YES;
				CLANG_WARN_INFINITE_RECURSION = YES;
				CLANG_WARN_INT_CONVERSION = YES;
				CLANG_WARN_NON_LITERAL_NULL_CONVERSION = YES;
				CLANG_WARN_OBJC_IMPLICIT_RETAIN_SELF = YES;
				CLANG_WARN_OBJC_LITERAL_CONVERSION = YES;
				CLANG_WARN_OBJC_ROOT_CLASS = YES_ERROR;
				CLANG_WARN_QUOTED_INCLUDE_IN_FRAMEWORK_HEADER = YES;
				CLANG_WARN_RANGE_LOOP_ANALYSIS = YES;
				CLANG_WARN_STRICT_PROTOTYPES = YES;
				CLANG_WARN_SUSPICIOUS_MOVE = YES;
				CLANG_WARN_UNGUARDED_AVAILABILITY = YES_AGGRESSIVE;
				CLANG_WARN_UNREACHABLE_CODE = YES;
				CLANG_WARN__DUPLICATE_METHOD_MATCH = YES;
				COPY_PHASE_STRIP = NO;
				DEBUG_INFORMATION_FORMAT = "dwarf-with-dsym";
				ENABLE_NS_ASSERTIONS = NO;
				ENABLE_STRICT_OBJC_MSGSEND = YES;
				GCC_C_LANGUAGE_STANDARD = gnu11;
				GCC_NO_COMMON_BLOCKS = YES;
				GCC_WARN_64_TO_32_BIT_CONVERSION = YES;
				GCC_WARN_ABOUT_RETURN_TYPE = YES_ERROR;
				GCC_WARN_UNDECLARED_SELECTOR = YES;
				GCC_WARN_UNINITIALIZED_AUTOS = YES_AGGRESSIVE;
				GCC_WARN_UNUSED_FUNCTION = YES;
				GCC_WARN_UNUSED_VARIABLE = YES;
				MACOSX_DEPLOYMENT_TARGET = 10.15;
				MTL_ENABLE_DEBUG_INFO = NO;
				MTL_FAST_MATH = YES;
				SDKROOT = macosx;
				SWIFT_COMPILATION_MODE = wholemodule;
				SWIFT_OPTIMIZATION_LEVEL = "-O";
			};
			name = Release;
		};
		9F059AF9258BE53D0035B02A /* Debug */ = {
			isa = XCBuildConfiguration;
			buildSettings = {
				ASSETCATALOG_COMPILER_APPICON_NAME = AppIcon;
				ASSETCATALOG_COMPILER_GLOBAL_ACCENT_COLOR_NAME = AccentColor;
				CODE_SIGN_ENTITLEMENTS = "multiscale-turing-patterns/multiscale_turing_patterns.entitlements";
				CODE_SIGN_STYLE = Automatic;
				COMBINE_HIDPI_IMAGES = YES;
				DEVELOPMENT_TEAM = DR2A97FQ8L;
				ENABLE_HARDENED_RUNTIME = YES;
				INFOPLIST_FILE = "multiscale-turing-patterns/Info.plist";
				LD_RUNPATH_SEARCH_PATHS = (
					"$(inherited)",
					"@executable_path/../Frameworks",
				);
				PRODUCT_BUNDLE_IDENTIFIER = "com.elijordan.multiscale-turing-patterns";
				PRODUCT_NAME = "$(TARGET_NAME)";
				SWIFT_VERSION = 5.0;
			};
			name = Debug;
		};
		9F059AFA258BE53D0035B02A /* Release */ = {
			isa = XCBuildConfiguration;
			buildSettings = {
				ASSETCATALOG_COMPILER_APPICON_NAME = AppIcon;
				ASSETCATALOG_COMPILER_GLOBAL_ACCENT_COLOR_NAME = AccentColor;
				CODE_SIGN_ENTITLEMENTS = "multiscale-turing-patterns/multiscale_turing_patterns.entitlements";
				CODE_SIGN_STYLE = Automatic;
				COMBINE_HIDPI_IMAGES = YES;
				DEVELOPMENT_TEAM = DR2A97FQ8L;
				ENABLE_HARDENED_RUNTIME = YES;
				INFOPLIST_FILE = "multiscale-turing-patterns/Info.plist";
				LD_RUNPATH_SEARCH_PATHS = (
					"$(inherited)",
					"@executable_path/../Frameworks",
				);
				PRODUCT_BUNDLE_IDENTIFIER = "com.elijordan.multiscale-turing-patterns";
				PRODUCT_NAME = "$(TARGET_NAME)";
				SWIFT_VERSION = 5.0;
			};
			name = Release;
		};
/* End XCBuildConfiguration section */

/* Begin XCConfigurationList section */
		9F059AE3258BE53B0035B02A /* Build configuration list for PBXProject "multiscale-turing-patterns" */ = {
			isa = XCConfigurationList;
			buildConfigurations = (
				9F059AF6258BE53D0035B02A /* Debug */,
				9F059AF7258BE53D0035B02A /* Release */,
			);
			defaultConfigurationIsVisible = 0;
			defaultConfigurationName = Release;
		};
		9F059AF8258BE53D0035B02A /* Build configuration list for PBXNativeTarget "multiscale-turing-patterns" */ = {
			isa = XCConfigurationList;
			buildConfigurations = (
				9F059AF9258BE53D0035B02A /* Debug */,
				9F059AFA258BE53D0035B02A /* Release */,
			);
			defaultConfigurationIsVisible = 0;
			defaultConfigurationName = Release;
		};
/* End XCConfigurationList section */
	};
	rootObject = 9F059AE0258BE53B0035B02A /* Project object */;
}
